
Microsoft Visual Studio Solution File, Format Version 12.00
# Visual Studio Version 17
VisualStudioVersion = 17.12.35514.174 d17.12
MinimumVisualStudioVersion = 10.0.40219.1
Project("{FAE04EC0-301F-11D3-BF4B-00C04F79EFBC}") = "GeometryLibrary", "GeometryLibrary\GeometryLibrary.csproj", "{48AE047E-6570-4C52-94A9-92CAE562D611}"
EndProject
Project("{FAE04EC0-301F-11D3-BF4B-00C04F79EFBC}") = "ShapeTests", "ShapeTests\ShapeTests.csproj", "{D4DE6555-37D1-4DCA-8D7C-1F0B0F167494}"
	ProjectSection(ProjectDependencies) = postProject
		{48AE047E-6570-4C52-94A9-92CAE562D611} = {48AE047E-6570-4C52-94A9-92CAE562D611}
	EndProjectSection
EndProject
Global
	GlobalSection(SolutionConfigurationPlatforms) = preSolution
		Debug|Any CPU = Debug|Any CPU
		Release|Any CPU = Release|Any CPU
	EndGlobalSection
	GlobalSection(ProjectConfigurationPlatforms) = postSolution
		{48AE047E-6570-4C52-94A9-92CAE562D611}.Debug|Any CPU.ActiveCfg = Debug|Any CPU
		{48AE047E-6570-4C52-94A9-92CAE562D611}.Debug|Any CPU.Build.0 = Debug|Any CPU
		{48AE047E-6570-4C52-94A9-92CAE562D611}.Release|Any CPU.ActiveCfg = Release|Any CPU
		{48AE047E-6570-4C52-94A9-92CAE562D611}.Release|Any CPU.Build.0 = Release|Any CPU
		{D4DE6555-37D1-4DCA-8D7C-1F0B0F167494}.Debug|Any CPU.ActiveCfg = Debug|Any CPU
		{D4DE6555-37D1-4DCA-8D7C-1F0B0F167494}.Debug|Any CPU.Build.0 = Debug|Any CPU
		{D4DE6555-37D1-4DCA-8D7C-1F0B0F167494}.Release|Any CPU.ActiveCfg = Release|Any CPU
		{D4DE6555-37D1-4DCA-8D7C-1F0B0F167494}.Release|Any CPU.Build.0 = Release|Any CPU
	EndGlobalSection
	GlobalSection(SolutionProperties) = preSolution
		HideSolutionNode = FALSE
	EndGlobalSection
EndGlobal
